
Microsoft Visual Studio Solution File, Format Version 12.00
# Visual Studio Version 16
VisualStudioVersion = 16.0.810.16
MinimumVisualStudioVersion = 10.0.40219.1
Project("{FAE04EC0-301F-11D3-BF4B-00C04F79EFBC}") = "maze", "maze.csproj", "{C9444847-7E97-4B46-B7FC-72D18C5ABAF2}"
EndProject
Global
	GlobalSection(SolutionConfigurationPlatforms) = preSolution
		Debug|Any CPU = Debug|Any CPU
		Release|Any CPU = Release|Any CPU
	EndGlobalSection
	GlobalSection(ProjectConfigurationPlatforms) = postSolution
		{C9444847-7E97-4B46-B7FC-72D18C5ABAF2}.Debug|Any CPU.ActiveCfg = Debug|Any CPU
		{C9444847-7E97-4B46-B7FC-72D18C5ABAF2}.Debug|Any CPU.Build.0 = Debug|Any CPU
		{C9444847-7E97-4B46-B7FC-72D18C5ABAF2}.Release|Any CPU.ActiveCfg = Release|Any CPU
		{C9444847-7E97-4B46-B7FC-72D18C5ABAF2}.Release|Any CPU.Build.0 = Release|Any CPU
	EndGlobalSection
	GlobalSection(SolutionProperties) = preSolution
		HideSolutionNode = FALSE
	EndGlobalSection
	GlobalSection(ExtensibilityGlobals) = postSolution
		SolutionGuid = {AD852DE5-58A3-40DA-9B52-7A76170C8A4B}
	EndGlobalSection
EndGlobal
